
Microsoft Visual Studio Solution File, Format Version 12.00
# Visual Studio Version 16
VisualStudioVersion = 16.0.29728.190
MinimumVisualStudioVersion = 10.0.40219.1
Project("{9A19103F-16F7-4668-BE54-9A1E7A4F7556}") = "OrderManagementSystem", "OrderManagementSystem.csproj", "{615B6901-1E26-4363-BB2C-4134FDFB4079}"
EndProject
Project("{9A19103F-16F7-4668-BE54-9A1E7A4F7556}") = "OrderManagementSystem.Business", "..\OrderManagementSystem.Business\OrderManagementSystem.Business.csproj", "{E6CEBF3D-29E4-40AC-817F-17972902E43D}"
EndProject
Project("{FAE04EC0-301F-11D3-BF4B-00C04F79EFBC}") = "OrderManagementSystem.ORM", "..\OrderManagementSystem.ORM\OrderManagementSystem.ORM.csproj", "{178D40C4-71AB-4063-9AA7-5FE0BCB46B99}"
EndProject
Project("{FAE04EC0-301F-11D3-BF4B-00C04F79EFBC}") = "OrderManagementSystem.Common", "..\OrderManagementSystem.Common\OrderManagementSystem.Common.csproj", "{2EFE757C-8ED6-43BF-8640-C171A717AE33}"
EndProject
Project("{FAE04EC0-301F-11D3-BF4B-00C04F79EFBC}") = "DBClient", "..\ConsoleApp13\DBClient.csproj", "{CDEE720B-15ED-4993-BB23-DFD87CEEB34C}"
EndProject
Global
	GlobalSection(SolutionConfigurationPlatforms) = preSolution
		Debug|Any CPU = Debug|Any CPU
		Release|Any CPU = Release|Any CPU
	EndGlobalSection
	GlobalSection(ProjectConfigurationPlatforms) = postSolution
		{615B6901-1E26-4363-BB2C-4134FDFB4079}.Debug|Any CPU.ActiveCfg = Debug|Any CPU
		{615B6901-1E26-4363-BB2C-4134FDFB4079}.Debug|Any CPU.Build.0 = Debug|Any CPU
		{615B6901-1E26-4363-BB2C-4134FDFB4079}.Release|Any CPU.ActiveCfg = Release|Any CPU
		{615B6901-1E26-4363-BB2C-4134FDFB4079}.Release|Any CPU.Build.0 = Release|Any CPU
		{E6CEBF3D-29E4-40AC-817F-17972902E43D}.Debug|Any CPU.ActiveCfg = Debug|Any CPU
		{E6CEBF3D-29E4-40AC-817F-17972902E43D}.Debug|Any CPU.Build.0 = Debug|Any CPU
		{E6CEBF3D-29E4-40AC-817F-17972902E43D}.Release|Any CPU.ActiveCfg = Release|Any CPU
		{E6CEBF3D-29E4-40AC-817F-17972902E43D}.Release|Any CPU.Build.0 = Release|Any CPU
		{178D40C4-71AB-4063-9AA7-5FE0BCB46B99}.Debug|Any CPU.ActiveCfg = Debug|Any CPU
		{178D40C4-71AB-4063-9AA7-5FE0BCB46B99}.Debug|Any CPU.Build.0 = Debug|Any CPU
		{178D40C4-71AB-4063-9AA7-5FE0BCB46B99}.Release|Any CPU.ActiveCfg = Release|Any CPU
		{178D40C4-71AB-4063-9AA7-5FE0BCB46B99}.Release|Any CPU.Build.0 = Release|Any CPU
		{2EFE757C-8ED6-43BF-8640-C171A717AE33}.Debug|Any CPU.ActiveCfg = Debug|Any CPU
		{2EFE757C-8ED6-43BF-8640-C171A717AE33}.Debug|Any CPU.Build.0 = Debug|Any CPU
		{2EFE757C-8ED6-43BF-8640-C171A717AE33}.Release|Any CPU.ActiveCfg = Release|Any CPU
		{2EFE757C-8ED6-43BF-8640-C171A717AE33}.Release|Any CPU.Build.0 = Release|Any CPU
		{CDEE720B-15ED-4993-BB23-DFD87CEEB34C}.Debug|Any CPU.ActiveCfg = Debug|Any CPU
		{CDEE720B-15ED-4993-BB23-DFD87CEEB34C}.Debug|Any CPU.Build.0 = Debug|Any CPU
		{CDEE720B-15ED-4993-BB23-DFD87CEEB34C}.Release|Any CPU.ActiveCfg = Release|Any CPU
		{CDEE720B-15ED-4993-BB23-DFD87CEEB34C}.Release|Any CPU.Build.0 = Release|Any CPU
	EndGlobalSection
	GlobalSection(SolutionProperties) = preSolution
		HideSolutionNode = FALSE
	EndGlobalSection
	GlobalSection(ExtensibilityGlobals) = postSolution
		SolutionGuid = {CE4C7714-545F-40C9-B5A8-5568D9044156}
	EndGlobalSection
EndGlobal
